# This file is automatically @generated by Poetry 1.7.1 and should not be changed by hand.

[[package]]
name = "attrs"
version = "23.2.0"
description = "Classes Without Boilerplate"
optional = false
python-versions = ">=3.7"
files = [
    {file = "attrs-23.2.0-py3-none-any.whl", hash = "sha256:99b87a485a5820b23b879f04c2305b44b951b502fd64be915879d77a7e8fc6f1"},
    {file = "attrs-23.2.0.tar.gz", hash = "sha256:935dc3b529c262f6cf76e50877d35a4bd3c1de194fd41f47a2b7ae8f19971f30"},
]

[package.extras]
cov = ["attrs[tests]", "coverage[toml] (>=5.3)"]
dev = ["attrs[tests]", "pre-commit"]
docs = ["furo", "myst-parser", "sphinx", "sphinx-notfound-page", "sphinxcontrib-towncrier", "towncrier", "zope-interface"]
tests = ["attrs[tests-no-zope]", "zope-interface"]
tests-mypy = ["mypy (>=1.6)", "pytest-mypy-plugins"]
tests-no-zope = ["attrs[tests-mypy]", "cloudpickle", "hypothesis", "pympler", "pytest (>=4.3.0)", "pytest-xdist[psutil]"]

[[package]]
name = "aws-cdk-assets"
version = "1.204.0"
description = "This module is deprecated. All types are now available under the core module"
optional = false
python-versions = "~=3.7"
files = [
    {file = "aws-cdk.assets-1.204.0.tar.gz", hash = "sha256:10d320ac17a60e9989869c7ae8a25f4ff3f8458bf2689cfba4a7050de019933f"},
    {file = "aws_cdk.assets-1.204.0-py3-none-any.whl", hash = "sha256:72aab2a024732dd704ad99199ebb324afeef36d9defc91dd540f0f9588744f19"},
]

[package.dependencies]
"aws-cdk.core" = "1.204.0"
"aws-cdk.cx-api" = "1.204.0"
constructs = ">=3.3.69,<4.0.0"
jsii = ">=1.84.0,<2.0.0"
publication = ">=0.0.3"
typeguard = ">=2.13.3,<2.14.0"

[[package]]
name = "aws-cdk-aws-cloudwatch"
version = "1.204.0"
description = "The CDK Construct Library for AWS::CloudWatch"
optional = false
python-versions = "~=3.7"
files = [
    {file = "aws-cdk.aws-cloudwatch-1.204.0.tar.gz", hash = "sha256:34df1c3d4f75f8f42d1ee8d6c6a56e2b3df8338d2891a446ef0faa8e5db1057d"},
    {file = "aws_cdk.aws_cloudwatch-1.204.0-py3-none-any.whl", hash = "sha256:658da3d92bd383146382365ba292eb454172fb5436de3e5bc1b4d4182a413994"},
]

[package.dependencies]
"aws-cdk.aws-iam" = "1.204.0"
"aws-cdk.core" = "1.204.0"
constructs = ">=3.3.69,<4.0.0"
jsii = ">=1.84.0,<2.0.0"
publication = ">=0.0.3"
typeguard = ">=2.13.3,<2.14.0"

[[package]]
name = "aws-cdk-aws-ec2"
version = "1.204.0"
description = "The CDK Construct Library for AWS::EC2"
optional = false
python-versions = "~=3.7"
files = [
    {file = "aws-cdk.aws-ec2-1.204.0.tar.gz", hash = "sha256:e98e52ffc2a7402e0b7bdce03973e8f08aaff89d995a4f1fa41b8edb837880d4"},
    {file = "aws_cdk.aws_ec2-1.204.0-py3-none-any.whl", hash = "sha256:f5479493631d4a09cffbfcf165d9074c9cba215be77b441c05a9b4cc08af3f74"},
]

[package.dependencies]
"aws-cdk.aws-cloudwatch" = "1.204.0"
"aws-cdk.aws-iam" = "1.204.0"
"aws-cdk.aws-kms" = "1.204.0"
"aws-cdk.aws-logs" = "1.204.0"
"aws-cdk.aws-s3" = "1.204.0"
"aws-cdk.aws-s3-assets" = "1.204.0"
"aws-cdk.aws-ssm" = "1.204.0"
"aws-cdk.cloud-assembly-schema" = "1.204.0"
"aws-cdk.core" = "1.204.0"
"aws-cdk.cx-api" = "1.204.0"
"aws-cdk.region-info" = "1.204.0"
constructs = ">=3.3.69,<4.0.0"
jsii = ">=1.84.0,<2.0.0"
publication = ">=0.0.3"
typeguard = ">=2.13.3,<2.14.0"

[[package]]
name = "aws-cdk-aws-events"
version = "1.204.0"
description = "Amazon EventBridge Construct Library"
optional = false
python-versions = "~=3.7"
files = [
    {file = "aws-cdk.aws-events-1.204.0.tar.gz", hash = "sha256:37e7a47a3e93697fe83b4324a9b714e3546f507a335de6bc28d5f83f56b88481"},
    {file = "aws_cdk.aws_events-1.204.0-py3-none-any.whl", hash = "sha256:df66345d161604c9b5da7d315f5b2b6f37b876f267ff4bbd656ffd46f87faf0f"},
]

[package.dependencies]
"aws-cdk.aws-iam" = "1.204.0"
"aws-cdk.core" = "1.204.0"
constructs = ">=3.3.69,<4.0.0"
jsii = ">=1.84.0,<2.0.0"
publication = ">=0.0.3"
typeguard = ">=2.13.3,<2.14.0"

[[package]]
name = "aws-cdk-aws-iam"
version = "1.204.0"
description = "CDK routines for easily assigning correct and minimal IAM permissions"
optional = false
python-versions = "~=3.7"
files = [
    {file = "aws-cdk.aws-iam-1.204.0.tar.gz", hash = "sha256:aaf52ea2facfc8aa7d63459ed5f83ba5bbcdad52250e8736685651457b0dd3b7"},
    {file = "aws_cdk.aws_iam-1.204.0-py3-none-any.whl", hash = "sha256:1b29137995dc7a5e49c8d0be16526db60895f811461f9fca9e7a0f850ec1ac90"},
]

[package.dependencies]
"aws-cdk.core" = "1.204.0"
"aws-cdk.cx-api" = "1.204.0"
"aws-cdk.region-info" = "1.204.0"
constructs = ">=3.3.69,<4.0.0"
jsii = ">=1.84.0,<2.0.0"
publication = ">=0.0.3"
typeguard = ">=2.13.3,<2.14.0"

[[package]]
name = "aws-cdk-aws-kms"
version = "1.204.0"
description = "The CDK Construct Library for AWS::KMS"
optional = false
python-versions = "~=3.7"
files = [
    {file = "aws-cdk.aws-kms-1.204.0.tar.gz", hash = "sha256:95d43d7cc7dc9ac97b5bdc45cf90d13b261b35b07e8eeb657060a6b6fb2d082e"},
    {file = "aws_cdk.aws_kms-1.204.0-py3-none-any.whl", hash = "sha256:a6965a4565094c67589da00631212b69c970219966b5bc92741428356de8a88c"},
]

[package.dependencies]
"aws-cdk.aws-iam" = "1.204.0"
"aws-cdk.cloud-assembly-schema" = "1.204.0"
"aws-cdk.core" = "1.204.0"
"aws-cdk.cx-api" = "1.204.0"
constructs = ">=3.3.69,<4.0.0"
jsii = ">=1.84.0,<2.0.0"
publication = ">=0.0.3"
typeguard = ">=2.13.3,<2.14.0"

[[package]]
name = "aws-cdk-aws-logs"
version = "1.204.0"
description = "The CDK Construct Library for AWS::Logs"
optional = false
python-versions = "~=3.7"
files = [
    {file = "aws-cdk.aws-logs-1.204.0.tar.gz", hash = "sha256:54a17011288eea09c43c1a98abd0d7ac5c84bddd8e37e328e0557521d3df24af"},
    {file = "aws_cdk.aws_logs-1.204.0-py3-none-any.whl", hash = "sha256:13542fa126d81943d3c8ffb01db5d3d8bc5bc030bb2943f29585a84a52a544e5"},
]

[package.dependencies]
"aws-cdk.aws-cloudwatch" = "1.204.0"
"aws-cdk.aws-iam" = "1.204.0"
"aws-cdk.aws-kms" = "1.204.0"
"aws-cdk.aws-s3-assets" = "1.204.0"
"aws-cdk.core" = "1.204.0"
"aws-cdk.cx-api" = "1.204.0"
constructs = ">=3.3.69,<4.0.0"
jsii = ">=1.84.0,<2.0.0"
publication = ">=0.0.3"
typeguard = ">=2.13.3,<2.14.0"

[[package]]
name = "aws-cdk-aws-s3"
version = "1.204.0"
description = "The CDK Construct Library for AWS::S3"
optional = false
python-versions = "~=3.7"
files = [
    {file = "aws-cdk.aws-s3-1.204.0.tar.gz", hash = "sha256:174b4daae7d881f311b556b2b8cd55e035beaafe90ef7909e88fec0ae7aaa105"},
    {file = "aws_cdk.aws_s3-1.204.0-py3-none-any.whl", hash = "sha256:387941a809445102be103cce96d3d0a6ae7190dd0b56207caa5300d9d0f4d68e"},
]

[package.dependencies]
"aws-cdk.aws-events" = "1.204.0"
"aws-cdk.aws-iam" = "1.204.0"
"aws-cdk.aws-kms" = "1.204.0"
"aws-cdk.core" = "1.204.0"
"aws-cdk.cx-api" = "1.204.0"
constructs = ">=3.3.69,<4.0.0"
jsii = ">=1.84.0,<2.0.0"
publication = ">=0.0.3"
typeguard = ">=2.13.3,<2.14.0"

[[package]]
name = "aws-cdk-aws-s3-assets"
version = "1.204.0"
description = "Deploy local files and directories to S3"
optional = false
python-versions = "~=3.7"
files = [
    {file = "aws-cdk.aws-s3-assets-1.204.0.tar.gz", hash = "sha256:61ec7a8c236760df9064d11652c54a0eb8ff45e0c04095e77f56fce8775cf01c"},
    {file = "aws_cdk.aws_s3_assets-1.204.0-py3-none-any.whl", hash = "sha256:041450f122448677e330324baaede02b20c1beaed0177f80c306bc94772da471"},
]

[package.dependencies]
"aws-cdk.assets" = "1.204.0"
"aws-cdk.aws-iam" = "1.204.0"
"aws-cdk.aws-kms" = "1.204.0"
"aws-cdk.aws-s3" = "1.204.0"
"aws-cdk.core" = "1.204.0"
"aws-cdk.cx-api" = "1.204.0"
constructs = ">=3.3.69,<4.0.0"
jsii = ">=1.84.0,<2.0.0"
publication = ">=0.0.3"
typeguard = ">=2.13.3,<2.14.0"

[[package]]
name = "aws-cdk-aws-ssm"
version = "1.204.0"
description = "The CDK Construct Library for AWS::SSM"
optional = false
python-versions = "~=3.7"
files = [
    {file = "aws-cdk.aws-ssm-1.204.0.tar.gz", hash = "sha256:c44183e4f1889aafe6d1d233e1b529858614ab7752ee9a9cbe2e3caf368e5415"},
    {file = "aws_cdk.aws_ssm-1.204.0-py3-none-any.whl", hash = "sha256:7364f68e6622077e9f4a0a9a47ee4e6d8ec8723b62755cb788f62a323190e1a0"},
]

[package.dependencies]
"aws-cdk.aws-iam" = "1.204.0"
"aws-cdk.aws-kms" = "1.204.0"
"aws-cdk.cloud-assembly-schema" = "1.204.0"
"aws-cdk.core" = "1.204.0"
constructs = ">=3.3.69,<4.0.0"
jsii = ">=1.84.0,<2.0.0"
publication = ">=0.0.3"
typeguard = ">=2.13.3,<2.14.0"

[[package]]
name = "aws-cdk-cloud-assembly-schema"
version = "1.204.0"
description = "Cloud Assembly Schema"
optional = false
python-versions = "~=3.7"
files = [
    {file = "aws-cdk.cloud-assembly-schema-1.204.0.tar.gz", hash = "sha256:76824ba860b93fc35d0e10b6b5a0b6822298536241d401572b73ee30704f622b"},
    {file = "aws_cdk.cloud_assembly_schema-1.204.0-py3-none-any.whl", hash = "sha256:d6176804960e9b3ac90a8939b0bcdd682aa21cb8fed18e7b7d1fc66bde580d78"},
]

[package.dependencies]
jsii = ">=1.84.0,<2.0.0"
publication = ">=0.0.3"
typeguard = ">=2.13.3,<2.14.0"

[[package]]
name = "aws-cdk-core"
version = "1.204.0"
description = "AWS Cloud Development Kit Core Library"
optional = false
python-versions = "~=3.7"
files = [
    {file = "aws-cdk.core-1.204.0.tar.gz", hash = "sha256:790113e905ce13b8d092c80bcd4bd4b083f877a3536058aa1a8a5eb010b2743f"},
    {file = "aws_cdk.core-1.204.0-py3-none-any.whl", hash = "sha256:69d8d7891e04da549032078f9e00dc98f193af9ffb29c06fe2e57fdac1735bca"},
]

[package.dependencies]
"aws-cdk.cloud-assembly-schema" = "1.204.0"
"aws-cdk.cx-api" = "1.204.0"
"aws-cdk.region-info" = "1.204.0"
constructs = ">=3.3.69,<4.0.0"
jsii = ">=1.84.0,<2.0.0"
publication = ">=0.0.3"
typeguard = ">=2.13.3,<2.14.0"

[[package]]
name = "aws-cdk-cx-api"
version = "1.204.0"
description = "Cloud executable protocol"
optional = false
python-versions = "~=3.7"
files = [
    {file = "aws-cdk.cx-api-1.204.0.tar.gz", hash = "sha256:4df1926db277e29c6f7a27430fe623a47aba03299ce55e8395058e55c9f98bf6"},
    {file = "aws_cdk.cx_api-1.204.0-py3-none-any.whl", hash = "sha256:603af7cca32bd8b4e18e8ee644138f23541e4a9cf36347f572259f8ae31edcf2"},
]

[package.dependencies]
"aws-cdk.cloud-assembly-schema" = "1.204.0"
jsii = ">=1.84.0,<2.0.0"
publication = ">=0.0.3"
typeguard = ">=2.13.3,<2.14.0"

[[package]]
name = "aws-cdk-region-info"
version = "1.204.0"
description = "AWS region information, such as service principal names"
optional = false
python-versions = "~=3.7"
files = [
    {file = "aws-cdk.region-info-1.204.0.tar.gz", hash = "sha256:cbec435fef838c1c0a29a1db2133021ccbe2ce44311b41ad3dd1075696323c66"},
    {file = "aws_cdk.region_info-1.204.0-py3-none-any.whl", hash = "sha256:bd3cdb896f7495297101b2bc23ea15558eded81b14bb06476634cb9600597b13"},
]

[package.dependencies]
jsii = ">=1.84.0,<2.0.0"
publication = ">=0.0.3"
typeguard = ">=2.13.3,<2.14.0"

[[package]]
name = "cattrs"
version = "23.2.3"
description = "Composable complex class support for attrs and dataclasses."
optional = false
python-versions = ">=3.8"
files = [
    {file = "cattrs-23.2.3-py3-none-any.whl", hash = "sha256:0341994d94971052e9ee70662542699a3162ea1e0c62f7ce1b4a57f563685108"},
    {file = "cattrs-23.2.3.tar.gz", hash = "sha256:a934090d95abaa9e911dac357e3a8699e0b4b14f8529bcc7d2b1ad9d51672b9f"},
]

[package.dependencies]
attrs = ">=23.1.0"
exceptiongroup = {version = ">=1.1.1", markers = "python_version < \"3.11\""}
typing-extensions = {version = ">=4.1.0,<4.6.3 || >4.6.3", markers = "python_version < \"3.11\""}

[package.extras]
bson = ["pymongo (>=4.4.0)"]
cbor2 = ["cbor2 (>=5.4.6)"]
msgpack = ["msgpack (>=1.0.5)"]
orjson = ["orjson (>=3.9.2)"]
pyyaml = ["pyyaml (>=6.0)"]
tomlkit = ["tomlkit (>=0.11.8)"]
ujson = ["ujson (>=5.7.0)"]

[[package]]
name = "constructs"
version = "3.4.344"
description = "A programming model for composable configuration"
optional = false
python-versions = "~=3.7"
files = [
    {file = "constructs-3.4.344-py3-none-any.whl", hash = "sha256:a52ddf0ce4f1ff9d13607eb9bf9dcb038aa8d7399cc7bd8b38e6286da45b2e54"},
    {file = "constructs-3.4.344.tar.gz", hash = "sha256:c94905d4f1590599037b5a8ba603a0b4a9e17512a18afa2607f470eb96ae90e4"},
]

[package.dependencies]
jsii = ">=1.84.0,<2.0.0"
publication = ">=0.0.3"
typeguard = ">=2.13.3,<2.14.0"

[[package]]
name = "exceptiongroup"
version = "1.2.0"
description = "Backport of PEP 654 (exception groups)"
optional = false
python-versions = ">=3.7"
files = [
    {file = "exceptiongroup-1.2.0-py3-none-any.whl", hash = "sha256:4bfd3996ac73b41e9b9628b04e079f193850720ea5945fc96a08633c66912f14"},
    {file = "exceptiongroup-1.2.0.tar.gz", hash = "sha256:91f5c769735f051a4290d52edd0858999b57e5876e9f85937691bd4c9fa3ed68"},
]

[package.extras]
test = ["pytest (>=6)"]

[[package]]
name = "importlib-resources"
version = "6.1.1"
description = "Read resources from Python packages"
optional = false
python-versions = ">=3.8"
files = [
    {file = "importlib_resources-6.1.1-py3-none-any.whl", hash = "sha256:e8bf90d8213b486f428c9c39714b920041cb02c184686a3dee24905aaa8105d6"},
    {file = "importlib_resources-6.1.1.tar.gz", hash = "sha256:3893a00122eafde6894c59914446a512f728a0c1a45f9bb9b63721b6bacf0b4a"},
]

[package.extras]
docs = ["furo", "jaraco.packaging (>=9.3)", "jaraco.tidelift (>=1.4)", "rst.linker (>=1.9)", "sphinx (<7.2.5)", "sphinx (>=3.5)", "sphinx-lint"]
testing = ["pytest (>=6)", "pytest-black (>=0.3.7)", "pytest-checkdocs (>=2.4)", "pytest-cov", "pytest-enabler (>=2.2)", "pytest-mypy (>=0.9.1)", "pytest-ruff", "zipp (>=3.17)"]

[[package]]
name = "jsii"
version = "1.94.0"
description = "Python client for jsii runtime"
optional = false
python-versions = "~=3.8"
files = [
    {file = "jsii-1.94.0-py3-none-any.whl", hash = "sha256:1105bae271ae47c27cf31c1565c5157306efed5ad9323c9a27336f962f465716"},
    {file = "jsii-1.94.0.tar.gz", hash = "sha256:175abc356603d98f18ab6f6aa74bfeae253e4e56340aef9dc40bbb1a6a59868b"},
]

[package.dependencies]
attrs = ">=21.2,<24.0"
cattrs = ">=1.8,<23.3"
importlib-resources = ">=5.2.0"
publication = ">=0.0.3"
python-dateutil = "*"
typeguard = ">=2.13.3,<2.14.0"
typing-extensions = ">=3.8,<5.0"

[[package]]
name = "publication"
version = "0.0.3"
description = "Publication helps you maintain public-api-friendly modules by preventing unintentional access to private implementation details via introspection."
optional = false
python-versions = "*"
files = [
    {file = "publication-0.0.3-py2.py3-none-any.whl", hash = "sha256:0248885351febc11d8a1098d5c8e3ab2dabcf3e8c0c96db1e17ecd12b53afbe6"},
    {file = "publication-0.0.3.tar.gz", hash = "sha256:68416a0de76dddcdd2930d1c8ef853a743cc96c82416c4e4d3b5d901c6276dc4"},
]

[[package]]
name = "python-dateutil"
version = "2.8.2"
description = "Extensions to the standard Python datetime module"
optional = false
python-versions = "!=3.0.*,!=3.1.*,!=3.2.*,>=2.7"
files = [
    {file = "python-dateutil-2.8.2.tar.gz", hash = "sha256:0123cacc1627ae19ddf3c27a5de5bd67ee4586fbdd6440d9748f8abb483d3e86"},
    {file = "python_dateutil-2.8.2-py2.py3-none-any.whl", hash = "sha256:961d03dc3453ebbc59dbdea9e4e11c5651520a876d0f4db161e8674aae935da9"},
]

[package.dependencies]
six = ">=1.5"

[[package]]
name = "six"
version = "1.16.0"
description = "Python 2 and 3 compatibility utilities"
optional = false
python-versions = ">=2.7, !=3.0.*, !=3.1.*, !=3.2.*"
files = [
    {file = "six-1.16.0-py2.py3-none-any.whl", hash = "sha256:8abb2f1d86890a2dfb989f9a77cfcfd3e47c2a354b01111771326f8aa26e0254"},
    {file = "six-1.16.0.tar.gz", hash = "sha256:1e61c37477a1626458e36f7b1d82aa5c9b094fa4802892072e49de9c60c4c926"},
]

[[package]]
name = "typeguard"
version = "2.13.3"
description = "Run-time type checker for Python"
optional = false
python-versions = ">=3.5.3"
files = [
    {file = "typeguard-2.13.3-py3-none-any.whl", hash = "sha256:5e3e3be01e887e7eafae5af63d1f36c849aaa94e3a0112097312aabfa16284f1"},
    {file = "typeguard-2.13.3.tar.gz", hash = "sha256:00edaa8da3a133674796cf5ea87d9f4b4c367d77476e185e80251cc13dfbb8c4"},
]

[package.extras]
doc = ["sphinx-autodoc-typehints (>=1.2.0)", "sphinx-rtd-theme"]
test = ["mypy", "pytest", "typing-extensions"]

[[package]]
name = "typing-extensions"
version = "4.9.0"
description = "Backported and Experimental Type Hints for Python 3.8+"
optional = false
python-versions = ">=3.8"
files = [
    {file = "typing_extensions-4.9.0-py3-none-any.whl", hash = "sha256:af72aea155e91adfc61c3ae9e0e342dbc0cba726d6cba4b6c72c1f34e47291cd"},
    {file = "typing_extensions-4.9.0.tar.gz", hash = "sha256:23478f88c37f27d76ac8aee6c905017a143b0b1b886c3c9f66bc2fd94f9f5783"},
]

[metadata]
lock-version = "2.0"
python-versions = "^3.10"
content-hash = "df57f8ebe5661449752bed850751cefa3c406c41314a0be4ed34e86f8ef9c30f"
